
Microsoft Visual Studio Solution File, Format Version 12.00
# Visual Studio Version 17
VisualStudioVersion = 17.2.32516.85
MinimumVisualStudioVersion = 10.0.40219.1
Project("{FAE04EC0-301F-11D3-BF4B-00C04F79EFBC}") = "lastindex", "ConsoleApp1\lastindex.csproj", "{93F7A26F-6964-430D-A788-22EC5DBB1A94}"
EndProject
Global
	GlobalSection(SolutionConfigurationPlatforms) = preSolution
		Debug|Any CPU = Debug|Any CPU
		Release|Any CPU = Release|Any CPU
	EndGlobalSection
	GlobalSection(ProjectConfigurationPlatforms) = postSolution
		{93F7A26F-6964-430D-A788-22EC5DBB1A94}.Debug|Any CPU.ActiveCfg = Debug|Any CPU
		{93F7A26F-6964-430D-A788-22EC5DBB1A94}.Debug|Any CPU.Build.0 = Debug|Any CPU
		{93F7A26F-6964-430D-A788-22EC5DBB1A94}.Release|Any CPU.ActiveCfg = Release|Any CPU
		{93F7A26F-6964-430D-A788-22EC5DBB1A94}.Release|Any CPU.Build.0 = Release|Any CPU
	EndGlobalSection
	GlobalSection(SolutionProperties) = preSolution
		HideSolutionNode = FALSE
	EndGlobalSection
	GlobalSection(ExtensibilityGlobals) = postSolution
		SolutionGuid = {5EC4F6D3-6D4A-4246-BCEB-9AA33BB7FB05}
	EndGlobalSection
EndGlobal
